
Microsoft Visual Studio Solution File, Format Version 11.00
# Visual Studio 2010
Project("{FAE04EC0-301F-11D3-BF4B-00C04F79EFBC}") = "FableMod.BIG", "FableMod.BIG.csproj", "{CCE605AA-4EEB-4014-B305-196E136343B4}"
EndProject
Global
	GlobalSection(SolutionConfigurationPlatforms) = preSolution
		Debug|Any CPU = Debug|Any CPU
		Release|Any CPU = Release|Any CPU
	EndGlobalSection
	GlobalSection(ProjectConfigurationPlatforms) = postSolution
		{CCE605AA-4EEB-4014-B305-196E136343B4}.Debug|Any CPU.ActiveCfg = Debug|Any CPU
		{CCE605AA-4EEB-4014-B305-196E136343B4}.Debug|Any CPU.Build.0 = Debug|Any CPU
		{CCE605AA-4EEB-4014-B305-196E136343B4}.Release|Any CPU.ActiveCfg = Release|Any CPU
		{CCE605AA-4EEB-4014-B305-196E136343B4}.Release|Any CPU.Build.0 = Release|Any CPU
	EndGlobalSection
	GlobalSection(SolutionProperties) = preSolution
		HideSolutionNode = FALSE
	EndGlobalSection
EndGlobal
